// !$*UTF8*$!
{
	archiveVersion = 1;
	classes = {
	};
	objectVersion = 56;
	objects = {

/* Begin PBXBuildFile section */
		1D0408282ADEB00200B67EC5 /* AppDelegate.swift in Sources */ = {isa = PBXBuildFile; fileRef = 1D0408272ADEB00200B67EC5 /* AppDelegate.swift */; };
		1D04082A2ADEB00200B67EC5 /* SceneDelegate.swift in Sources */ = {isa = PBXBuildFile; fileRef = 1D0408292ADEB00200B67EC5 /* SceneDelegate.swift */; };
		1D04082C2ADEB00200B67EC5 /* LoginViewController.swift in Sources */ = {isa = PBXBuildFile; fileRef = 1D04082B2ADEB00200B67EC5 /* LoginViewController.swift */; };
		1D04082F2ADEB00200B67EC5 /* Main.storyboard in Resources */ = {isa = PBXBuildFile; fileRef = 1D04082D2ADEB00200B67EC5 /* Main.storyboard */; };
		1D0408312ADEB00300B67EC5 /* Assets.xcassets in Resources */ = {isa = PBXBuildFile; fileRef = 1D0408302ADEB00300B67EC5 /* Assets.xcassets */; };
		1D0408342ADEB00300B67EC5 /* LaunchScreen.storyboard in Resources */ = {isa = PBXBuildFile; fileRef = 1D0408322ADEB00300B67EC5 /* LaunchScreen.storyboard */; };
		1D04083D2ADEB00E00B67EC5 /* KakaoSDK in Frameworks */ = {isa = PBXBuildFile; productRef = 1D04083C2ADEB00E00B67EC5 /* KakaoSDK */; };
		1D04083F2ADEB00E00B67EC5 /* KakaoSDKAuth in Frameworks */ = {isa = PBXBuildFile; productRef = 1D04083E2ADEB00E00B67EC5 /* KakaoSDKAuth */; };
		1D0408412ADEB00E00B67EC5 /* KakaoSDKCert in Frameworks */ = {isa = PBXBuildFile; productRef = 1D0408402ADEB00E00B67EC5 /* KakaoSDKCert */; };
		1D0408432ADEB00E00B67EC5 /* KakaoSDKCertCore in Frameworks */ = {isa = PBXBuildFile; productRef = 1D0408422ADEB00E00B67EC5 /* KakaoSDKCertCore */; };
		1D0408452ADEB00E00B67EC5 /* KakaoSDKCommon in Frameworks */ = {isa = PBXBuildFile; productRef = 1D0408442ADEB00E00B67EC5 /* KakaoSDKCommon */; };
		1D690B442ADFB2E700D60033 /* LogoutViewController.swift in Sources */ = {isa = PBXBuildFile; fileRef = 1D690B432ADFB2E700D60033 /* LogoutViewController.swift */; };
/* End PBXBuildFile section */

/* Begin PBXFileReference section */
		1D0408242ADEB00200B67EC5 /* KakaoLogin.app */ = {isa = PBXFileReference; explicitFileType = wrapper.application; includeInIndex = 0; path = KakaoLogin.app; sourceTree = BUILT_PRODUCTS_DIR; };
		1D0408272ADEB00200B67EC5 /* AppDelegate.swift */ = {isa = PBXFileReference; lastKnownFileType = sourcecode.swift; path = AppDelegate.swift; sourceTree = "<group>"; };
		1D0408292ADEB00200B67EC5 /* SceneDelegate.swift */ = {isa = PBXFileReference; lastKnownFileType = sourcecode.swift; path = SceneDelegate.swift; sourceTree = "<group>"; };
		1D04082B2ADEB00200B67EC5 /* LoginViewController.swift */ = {isa = PBXFileReference; lastKnownFileType = sourcecode.swift; path = LoginViewController.swift; sourceTree = "<group>"; };
		1D04082E2ADEB00200B67EC5 /* Base */ = {isa = PBXFileReference; lastKnownFileType = file.storyboard; name = Base; path = Base.lproj/Main.storyboard; sourceTree = "<group>"; };
		1D0408302ADEB00300B67EC5 /* Assets.xcassets */ = {isa = PBXFileReference; lastKnownFileType = folder.assetcatalog; path = Assets.xcassets; sourceTree = "<group>"; };
		1D0408332ADEB00300B67EC5 /* Base */ = {isa = PBXFileReference; lastKnownFileType = file.storyboard; name = Base; path = Base.lproj/LaunchScreen.storyboard; sourceTree = "<group>"; };
		1D0408352ADEB00300B67EC5 /* Info.plist */ = {isa = PBXFileReference; lastKnownFileType = text.plist.xml; path = Info.plist; sourceTree = "<group>"; };
		1D690B432ADFB2E700D60033 /* LogoutViewController.swift */ = {isa = PBXFileReference; lastKnownFileType = sourcecode.swift; path = LogoutViewController.swift; sourceTree = "<group>"; };
/* End PBXFileReference section */

/* Begin PBXFrameworksBuildPhase section */
		1D0408212ADEB00200B67EC5 /* Frameworks */ = {
			isa = PBXFrameworksBuildPhase;
			buildActionMask = 2147483647;
			files = (
				1D0408432ADEB00E00B67EC5 /* KakaoSDKCertCore in Frameworks */,
				1D0408412ADEB00E00B67EC5 /* KakaoSDKCert in Frameworks */,
				1D04083D2ADEB00E00B67EC5 /* KakaoSDK in Frameworks */,
				1D0408452ADEB00E00B67EC5 /* KakaoSDKCommon in Frameworks */,
				1D04083F2ADEB00E00B67EC5 /* KakaoSDKAuth in Frameworks */,
			);
			runOnlyForDeploymentPostprocessing = 0;
		};
/* End PBXFrameworksBuildPhase section */

/* Begin PBXGroup section */
		1D04081B2ADEB00200B67EC5 = {
			isa = PBXGroup;
			children = (
				1D0408262ADEB00200B67EC5 /* KakaoLogin */,
				1D0408252ADEB00200B67EC5 /* Products */,
			);
			sourceTree = "<group>";
		};
		1D0408252ADEB00200B67EC5 /* Products */ = {
			isa = PBXGroup;
			children = (
				1D0408242ADEB00200B67EC5 /* KakaoLogin.app */,
			);
			name = Products;
			sourceTree = "<group>";
		};
		1D0408262ADEB00200B67EC5 /* KakaoLogin */ = {
			isa = PBXGroup;
			children = (
				1D0408272ADEB00200B67EC5 /* AppDelegate.swift */,
				1D0408292ADEB00200B67EC5 /* SceneDelegate.swift */,
				1D04082B2ADEB00200B67EC5 /* LoginViewController.swift */,
				1D690B432ADFB2E700D60033 /* LogoutViewController.swift */,
				1D04082D2ADEB00200B67EC5 /* Main.storyboard */,
				1D0408302ADEB00300B67EC5 /* Assets.xcassets */,
				1D0408322ADEB00300B67EC5 /* LaunchScreen.storyboard */,
				1D0408352ADEB00300B67EC5 /* Info.plist */,
			);
			path = KakaoLogin;
			sourceTree = "<group>";
		};
/* End PBXGroup section */

/* Begin PBXNativeTarget section */
		1D0408232ADEB00200B67EC5 /* KakaoLogin */ = {
			isa = PBXNativeTarget;
			buildConfigurationList = 1D0408382ADEB00300B67EC5 /* Build configuration list for PBXNativeTarget "KakaoLogin" */;
			buildPhases = (
				1D0408202ADEB00200B67EC5 /* Sources */,
				1D0408212ADEB00200B67EC5 /* Frameworks */,
				1D0408222ADEB00200B67EC5 /* Resources */,
			);
			buildRules = (
			);
			dependencies = (
			);
			name = KakaoLogin;
			packageProductDependencies = (
				1D04083C2ADEB00E00B67EC5 /* KakaoSDK */,
				1D04083E2ADEB00E00B67EC5 /* KakaoSDKAuth */,
				1D0408402ADEB00E00B67EC5 /* KakaoSDKCert */,
				1D0408422ADEB00E00B67EC5 /* KakaoSDKCertCore */,
				1D0408442ADEB00E00B67EC5 /* KakaoSDKCommon */,
			);
			productName = KakaoLogin;
			productReference = 1D0408242ADEB00200B67EC5 /* KakaoLogin.app */;
			productType = "com.apple.product-type.application";
		};
/* End PBXNativeTarget section */

/* Begin PBXProject section */
		1D04081C2ADEB00200B67EC5 /* Project object */ = {
			isa = PBXProject;
			attributes = {
				BuildIndependentTargetsInParallel = 1;
				LastSwiftUpdateCheck = 1500;
				LastUpgradeCheck = 1500;
				TargetAttributes = {
					1D0408232ADEB00200B67EC5 = {
						CreatedOnToolsVersion = 15.0;
					};
				};
			};
			buildConfigurationList = 1D04081F2ADEB00200B67EC5 /* Build configuration list for PBXProject "KakaoLogin" */;
			compatibilityVersion = "Xcode 14.0";
			developmentRegion = en;
			hasScannedForEncodings = 0;
			knownRegions = (
				en,
				Base,
			);
			mainGroup = 1D04081B2ADEB00200B67EC5;
			packageReferences = (
				1D04083B2ADEB00E00B67EC5 /* XCRemoteSwiftPackageReference "kakao-ios-sdk" */,
			);
			productRefGroup = 1D0408252ADEB00200B67EC5 /* Products */;
			projectDirPath = "";
			projectRoot = "";
			targets = (
				1D0408232ADEB00200B67EC5 /* KakaoLogin */,
			);
		};
/* End PBXProject section */

/* Begin PBXResourcesBuildPhase section */
		1D0408222ADEB00200B67EC5 /* Resources */ = {
			isa = PBXResourcesBuildPhase;
			buildActionMask = 2147483647;
			files = (
				1D0408342ADEB00300B67EC5 /* LaunchScreen.storyboard in Resources */,
				1D0408312ADEB00300B67EC5 /* Assets.xcassets in Resources */,
				1D04082F2ADEB00200B67EC5 /* Main.storyboard in Resources */,
			);
			runOnlyForDeploymentPostprocessing = 0;
		};
/* End PBXResourcesBuildPhase section */

/* Begin PBXSourcesBuildPhase section */
		1D0408202ADEB00200B67EC5 /* Sources */ = {
			isa = PBXSourcesBuildPhase;
			buildActionMask = 2147483647;
			files = (
				1D04082C2ADEB00200B67EC5 /* LoginViewController.swift in Sources */,
				1D0408282ADEB00200B67EC5 /* AppDelegate.swift in Sources */,
				1D690B442ADFB2E700D60033 /* LogoutViewController.swift in Sources */,
				1D04082A2ADEB00200B67EC5 /* SceneDelegate.swift in Sources */,
			);
			runOnlyForDeploymentPostprocessing = 0;
		};
/* End PBXSourcesBuildPhase section */

/* Begin PBXVariantGroup section */
		1D04082D2ADEB00200B67EC5 /* Main.storyboard */ = {
			isa = PBXVariantGroup;
			children = (
				1D04082E2ADEB00200B67EC5 /* Base */,
			);
			name = Main.storyboard;
			sourceTree = "<group>";
		};
		1D0408322ADEB00300B67EC5 /* LaunchScreen.storyboard */ = {
			isa = PBXVariantGroup;
			children = (
				1D0408332ADEB00300B67EC5 /* Base */,
			);
			name = LaunchScreen.storyboard;
			sourceTree = "<group>";
		};
/* End PBXVariantGroup section */

/* Begin XCBuildConfiguration section */
		1D0408362ADEB00300B67EC5 /* Debug */ = {
			isa = XCBuildConfiguration;
			buildSettings = {
				ALWAYS_SEARCH_USER_PATHS = NO;
				ASSETCATALOG_COMPILER_GENERATE_SWIFT_ASSET_SYMBOL_EXTENSIONS = YES;
				CLANG_ANALYZER_NONNULL = YES;
				CLANG_ANALYZER_NUMBER_OBJECT_CONVERSION = YES_AGGRESSIVE;
				CLANG_CXX_LANGUAGE_STANDARD = "gnu++20";
				CLANG_ENABLE_MODULES = YES;
				CLANG_ENABLE_OBJC_ARC = YES;
				CLANG_ENABLE_OBJC_WEAK = YES;
				CLANG_WARN_BLOCK_CAPTURE_AUTORELEASING = YES;
				CLANG_WARN_BOOL_CONVERSION = YES;
				CLANG_WARN_COMMA = YES;
				CLANG_WARN_CONSTANT_CONVERSION = YES;
				CLANG_WARN_DEPRECATED_OBJC_IMPLEMENTATIONS = YES;
				CLANG_WARN_DIRECT_OBJC_ISA_USAGE = YES_ERROR;
				CLANG_WARN_DOCUMENTATION_COMMENTS = YES;
				CLANG_WARN_EMPTY_BODY = YES;
				CLANG_WARN_ENUM_CONVERSION = YES;
				CLANG_WARN_INFINITE_RECURSION = YES;
				CLANG_WARN_INT_CONVERSION = YES;
				CLANG_WARN_NON_LITERAL_NULL_CONVERSION = YES;
				CLANG_WARN_OBJC_IMPLICIT_RETAIN_SELF = YES;
				CLANG_WARN_OBJC_LITERAL_CONVERSION = YES;
				CLANG_WARN_OBJC_ROOT_CLASS = YES_ERROR;
				CLANG_WARN_QUOTED_INCLUDE_IN_FRAMEWORK_HEADER = YES;
				CLANG_WARN_RANGE_LOOP_ANALYSIS = YES;
				CLANG_WARN_STRICT_PROTOTYPES = YES;
				CLANG_WARN_SUSPICIOUS_MOVE = YES;
				CLANG_WARN_UNGUARDED_AVAILABILITY = YES_AGGRESSIVE;
				CLANG_WARN_UNREACHABLE_CODE = YES;
				CLANG_WARN__DUPLICATE_METHOD_MATCH = YES;
				COPY_PHASE_STRIP = NO;
				DEBUG_INFORMATION_FORMAT = dwarf;
				ENABLE_STRICT_OBJC_MSGSEND = YES;
				ENABLE_TESTABILITY = YES;
				ENABLE_USER_SCRIPT_SANDBOXING = YES;
				GCC_C_LANGUAGE_STANDARD = gnu17;
				GCC_DYNAMIC_NO_PIC = NO;
				GCC_NO_COMMON_BLOCKS = YES;
				GCC_OPTIMIZATION_LEVEL = 0;
				GCC_PREPROCESSOR_DEFINITIONS = (
					"DEBUG=1",
					"$(inherited)",
				);
				GCC_WARN_64_TO_32_BIT_CONVERSION = YES;
				GCC_WARN_ABOUT_RETURN_TYPE = YES_ERROR;
				GCC_WARN_UNDECLARED_SELECTOR = YES;
				GCC_WARN_UNINITIALIZED_AUTOS = YES_AGGRESSIVE;
				GCC_WARN_UNUSED_FUNCTION = YES;
				GCC_WARN_UNUSED_VARIABLE = YES;
				IPHONEOS_DEPLOYMENT_TARGET = 17.0;
				LOCALIZATION_PREFERS_STRING_CATALOGS = YES;
				MTL_ENABLE_DEBUG_INFO = INCLUDE_SOURCE;
				MTL_FAST_MATH = YES;
				ONLY_ACTIVE_ARCH = YES;
				SDKROOT = iphoneos;
				SWIFT_ACTIVE_COMPILATION_CONDITIONS = "DEBUG $(inherited)";
				SWIFT_OPTIMIZATION_LEVEL = "-Onone";
			};
			name = Debug;
		};
		1D0408372ADEB00300B67EC5 /* Release */ = {
			isa = XCBuildConfiguration;
			buildSettings = {
				ALWAYS_SEARCH_USER_PATHS = NO;
				ASSETCATALOG_COMPILER_GENERATE_SWIFT_ASSET_SYMBOL_EXTENSIONS = YES;
				CLANG_ANALYZER_NONNULL = YES;
				CLANG_ANALYZER_NUMBER_OBJECT_CONVERSION = YES_AGGRESSIVE;
				CLANG_CXX_LANGUAGE_STANDARD = "gnu++20";
				CLANG_ENABLE_MODULES = YES;
				CLANG_ENABLE_OBJC_ARC = YES;
				CLANG_ENABLE_OBJC_WEAK = YES;
				CLANG_WARN_BLOCK_CAPTURE_AUTORELEASING = YES;
				CLANG_WARN_BOOL_CONVERSION = YES;
				CLANG_WARN_COMMA = YES;
				CLANG_WARN_CONSTANT_CONVERSION = YES;
				CLANG_WARN_DEPRECATED_OBJC_IMPLEMENTATIONS = YES;
				CLANG_WARN_DIRECT_OBJC_ISA_USAGE = YES_ERROR;
				CLANG_WARN_DOCUMENTATION_COMMENTS = YES;
				CLANG_WARN_EMPTY_BODY = YES;
				CLANG_WARN_ENUM_CONVERSION = YES;
				CLANG_WARN_INFINITE_RECURSION = YES;
				CLANG_WARN_INT_CONVERSION = YES;
				CLANG_WARN_NON_LITERAL_NULL_CONVERSION = YES;
				CLANG_WARN_OBJC_IMPLICIT_RETAIN_SELF = YES;
				CLANG_WARN_OBJC_LITERAL_CONVERSION = YES;
				CLANG_WARN_OBJC_ROOT_CLASS = YES_ERROR;
				CLANG_WARN_QUOTED_INCLUDE_IN_FRAMEWORK_HEADER = YES;
				CLANG_WARN_RANGE_LOOP_ANALYSIS = YES;
				CLANG_WARN_STRICT_PROTOTYPES = YES;
				CLANG_WARN_SUSPICIOUS_MOVE = YES;
				CLANG_WARN_UNGUARDED_AVAILABILITY = YES_AGGRESSIVE;
				CLANG_WARN_UNREACHABLE_CODE = YES;
				CLANG_WARN__DUPLICATE_METHOD_MATCH = YES;
				COPY_PHASE_STRIP = NO;
				DEBUG_INFORMATION_FORMAT = "dwarf-with-dsym";
				ENABLE_NS_ASSERTIONS = NO;
				ENABLE_STRICT_OBJC_MSGSEND = YES;
				ENABLE_USER_SCRIPT_SANDBOXING = YES;
				GCC_C_LANGUAGE_STANDARD = gnu17;
				GCC_NO_COMMON_BLOCKS = YES;
				GCC_WARN_64_TO_32_BIT_CONVERSION = YES;
				GCC_WARN_ABOUT_RETURN_TYPE = YES_ERROR;
				GCC_WARN_UNDECLARED_SELECTOR = YES;
				GCC_WARN_UNINITIALIZED_AUTOS = YES_AGGRESSIVE;
				GCC_WARN_UNUSED_FUNCTION = YES;
				GCC_WARN_UNUSED_VARIABLE = YES;
				IPHONEOS_DEPLOYMENT_TARGET = 17.0;
				LOCALIZATION_PREFERS_STRING_CATALOGS = YES;
				MTL_ENABLE_DEBUG_INFO = NO;
				MTL_FAST_MATH = YES;
				SDKROOT = iphoneos;
				SWIFT_COMPILATION_MODE = wholemodule;
				VALIDATE_PRODUCT = YES;
			};
			name = Release;
		};
		1D0408392ADEB00300B67EC5 /* Debug */ = {
			isa = XCBuildConfiguration;
			buildSettings = {
				ASSETCATALOG_COMPILER_APPICON_NAME = AppIcon;
				ASSETCATALOG_COMPILER_GLOBAL_ACCENT_COLOR_NAME = AccentColor;
				CODE_SIGN_STYLE = Automatic;
				CURRENT_PROJECT_VERSION = 1;
				DEVELOPMENT_TEAM = 7HTRP53WA3;
				GENERATE_INFOPLIST_FILE = YES;
				INFOPLIST_FILE = KakaoLogin/Info.plist;
				INFOPLIST_KEY_UIApplicationSupportsIndirectInputEvents = YES;
				INFOPLIST_KEY_UILaunchStoryboardName = LaunchScreen;
				INFOPLIST_KEY_UIMainStoryboardFile = Main;
				INFOPLIST_KEY_UISupportedInterfaceOrientations_iPad = "UIInterfaceOrientationPortrait UIInterfaceOrientationPortraitUpsideDown UIInterfaceOrientationLandscapeLeft UIInterfaceOrientationLandscapeRight";
				INFOPLIST_KEY_UISupportedInterfaceOrientations_iPhone = "UIInterfaceOrientationPortrait UIInterfaceOrientationLandscapeLeft UIInterfaceOrientationLandscapeRight";
				LD_RUNPATH_SEARCH_PATHS = (
					"$(inherited)",
					"@executable_path/Frameworks",
				);
				MARKETING_VERSION = 1.0;
				PRODUCT_BUNDLE_IDENTIFIER = com.Jhong.KakaoLogin;
				PRODUCT_NAME = "$(TARGET_NAME)";
				SWIFT_EMIT_LOC_STRINGS = YES;
				SWIFT_VERSION = 5.0;
				TARGETED_DEVICE_FAMILY = "1,2";
			};
			name = Debug;
		};
		1D04083A2ADEB00300B67EC5 /* Release */ = {
			isa = XCBuildConfiguration;
			buildSettings = {
				ASSETCATALOG_COMPILER_APPICON_NAME = AppIcon;
				ASSETCATALOG_COMPILER_GLOBAL_ACCENT_COLOR_NAME = AccentColor;
				CODE_SIGN_STYLE = Automatic;
				CURRENT_PROJECT_VERSION = 1;
				DEVELOPMENT_TEAM = 7HTRP53WA3;
				GENERATE_INFOPLIST_FILE = YES;
				INFOPLIST_FILE = KakaoLogin/Info.plist;
				INFOPLIST_KEY_UIApplicationSupportsIndirectInputEvents = YES;
				INFOPLIST_KEY_UILaunchStoryboardName = LaunchScreen;
				INFOPLIST_KEY_UIMainStoryboardFile = Main;
				INFOPLIST_KEY_UISupportedInterfaceOrientations_iPad = "UIInterfaceOrientationPortrait UIInterfaceOrientationPortraitUpsideDown UIInterfaceOrientationLandscapeLeft UIInterfaceOrientationLandscapeRight";
				INFOPLIST_KEY_UISupportedInterfaceOrientations_iPhone = "UIInterfaceOrientationPortrait UIInterfaceOrientationLandscapeLeft UIInterfaceOrientationLandscapeRight";
				LD_RUNPATH_SEARCH_PATHS = (
					"$(inherited)",
					"@executable_path/Frameworks",
				);
				MARKETING_VERSION = 1.0;
				PRODUCT_BUNDLE_IDENTIFIER = com.Jhong.KakaoLogin;
				PRODUCT_NAME = "$(TARGET_NAME)";
				SWIFT_EMIT_LOC_STRINGS = YES;
				SWIFT_VERSION = 5.0;
				TARGETED_DEVICE_FAMILY = "1,2";
			};
			name = Release;
		};
/* End XCBuildConfiguration section */

/* Begin XCConfigurationList section */
		1D04081F2ADEB00200B67EC5 /* Build configuration list for PBXProject "KakaoLogin" */ = {
			isa = XCConfigurationList;
			buildConfigurations = (
				1D0408362ADEB00300B67EC5 /* Debug */,
				1D0408372ADEB00300B67EC5 /* Release */,
			);
			defaultConfigurationIsVisible = 0;
			defaultConfigurationName = Release;
		};
		1D0408382ADEB00300B67EC5 /* Build configuration list for PBXNativeTarget "KakaoLogin" */ = {
			isa = XCConfigurationList;
			buildConfigurations = (
				1D0408392ADEB00300B67EC5 /* Debug */,
				1D04083A2ADEB00300B67EC5 /* Release */,
			);
			defaultConfigurationIsVisible = 0;
			defaultConfigurationName = Release;
		};
/* End XCConfigurationList section */

/* Begin XCRemoteSwiftPackageReference section */
		1D04083B2ADEB00E00B67EC5 /* XCRemoteSwiftPackageReference "kakao-ios-sdk" */ = {
			isa = XCRemoteSwiftPackageReference;
			repositoryURL = "https://github.com/kakao/kakao-ios-sdk.git";
			requirement = {
				kind = upToNextMajorVersion;
				minimumVersion = 2.18.0;
			};
		};
/* End XCRemoteSwiftPackageReference section */

/* Begin XCSwiftPackageProductDependency section */
		1D04083C2ADEB00E00B67EC5 /* KakaoSDK */ = {
			isa = XCSwiftPackageProductDependency;
			package = 1D04083B2ADEB00E00B67EC5 /* XCRemoteSwiftPackageReference "kakao-ios-sdk" */;
			productName = KakaoSDK;
		};
		1D04083E2ADEB00E00B67EC5 /* KakaoSDKAuth */ = {
			isa = XCSwiftPackageProductDependency;
			package = 1D04083B2ADEB00E00B67EC5 /* XCRemoteSwiftPackageReference "kakao-ios-sdk" */;
			productName = KakaoSDKAuth;
		};
		1D0408402ADEB00E00B67EC5 /* KakaoSDKCert */ = {
			isa = XCSwiftPackageProductDependency;
			package = 1D04083B2ADEB00E00B67EC5 /* XCRemoteSwiftPackageReference "kakao-ios-sdk" */;
			productName = KakaoSDKCert;
		};
		1D0408422ADEB00E00B67EC5 /* KakaoSDKCertCore */ = {
			isa = XCSwiftPackageProductDependency;
			package = 1D04083B2ADEB00E00B67EC5 /* XCRemoteSwiftPackageReference "kakao-ios-sdk" */;
			productName = KakaoSDKCertCore;
		};
		1D0408442ADEB00E00B67EC5 /* KakaoSDKCommon */ = {
			isa = XCSwiftPackageProductDependency;
			package = 1D04083B2ADEB00E00B67EC5 /* XCRemoteSwiftPackageReference "kakao-ios-sdk" */;
			productName = KakaoSDKCommon;
		};
/* End XCSwiftPackageProductDependency section */
	};
	rootObject = 1D04081C2ADEB00200B67EC5 /* Project object */;
}
